
Microsoft Visual Studio Solution File, Format Version 12.00
# Visual Studio Version 16
VisualStudioVersion = 16.0.31424.327
MinimumVisualStudioVersion = 10.0.40219.1
Project("{FAE04EC0-301F-11D3-BF4B-00C04F79EFBC}") = "SendoClone", "SendoClone\SendoClone.csproj", "{691F319A-8575-4129-A2A5-523C9A3B524A}"
EndProject
Project("{FAE04EC0-301F-11D3-BF4B-00C04F79EFBC}") = "DLL", "DLL\DLL.csproj", "{A1F8AE48-E787-408D-AC62-F14E27EBBC7D}"
EndProject
Project("{FAE04EC0-301F-11D3-BF4B-00C04F79EFBC}") = "DAL", "DAL\DAL.csproj", "{CE3012CE-99F7-4268-A8A9-F9F7C0308ADA}"
EndProject
Global
	GlobalSection(SolutionConfigurationPlatforms) = preSolution
		Debug|Any CPU = Debug|Any CPU
		Release|Any CPU = Release|Any CPU
	EndGlobalSection
	GlobalSection(ProjectConfigurationPlatforms) = postSolution
		{691F319A-8575-4129-A2A5-523C9A3B524A}.Debug|Any CPU.ActiveCfg = Debug|Any CPU
		{691F319A-8575-4129-A2A5-523C9A3B524A}.Debug|Any CPU.Build.0 = Debug|Any CPU
		{691F319A-8575-4129-A2A5-523C9A3B524A}.Release|Any CPU.ActiveCfg = Release|Any CPU
		{691F319A-8575-4129-A2A5-523C9A3B524A}.Release|Any CPU.Build.0 = Release|Any CPU
		{A1F8AE48-E787-408D-AC62-F14E27EBBC7D}.Debug|Any CPU.ActiveCfg = Debug|Any CPU
		{A1F8AE48-E787-408D-AC62-F14E27EBBC7D}.Debug|Any CPU.Build.0 = Debug|Any CPU
		{A1F8AE48-E787-408D-AC62-F14E27EBBC7D}.Release|Any CPU.ActiveCfg = Release|Any CPU
		{A1F8AE48-E787-408D-AC62-F14E27EBBC7D}.Release|Any CPU.Build.0 = Release|Any CPU
		{CE3012CE-99F7-4268-A8A9-F9F7C0308ADA}.Debug|Any CPU.ActiveCfg = Debug|Any CPU
		{CE3012CE-99F7-4268-A8A9-F9F7C0308ADA}.Debug|Any CPU.Build.0 = Debug|Any CPU
		{CE3012CE-99F7-4268-A8A9-F9F7C0308ADA}.Release|Any CPU.ActiveCfg = Release|Any CPU
		{CE3012CE-99F7-4268-A8A9-F9F7C0308ADA}.Release|Any CPU.Build.0 = Release|Any CPU
	EndGlobalSection
	GlobalSection(SolutionProperties) = preSolution
		HideSolutionNode = FALSE
	EndGlobalSection
	GlobalSection(ExtensibilityGlobals) = postSolution
		SolutionGuid = {338A33B7-C70C-40F2-AD63-111673AB174D}
	EndGlobalSection
EndGlobal
